
Microsoft Visual Studio Solution File, Format Version 12.00
# Visual Studio 15
VisualStudioVersion = 15.0.28307.1401
MinimumVisualStudioVersion = 10.0.40219.1
Project("{FAE04EC0-301F-11D3-BF4B-00C04F79EFBC}") = "Orders Register", "Orders Register\Orders Register.csproj", "{CC24ED9F-4E1D-48BA-8DC8-8C0BBD7577BD}"
EndProject
Global
	GlobalSection(SolutionConfigurationPlatforms) = preSolution
		Debug|Any CPU = Debug|Any CPU
		Release|Any CPU = Release|Any CPU
	EndGlobalSection
	GlobalSection(ProjectConfigurationPlatforms) = postSolution
		{CC24ED9F-4E1D-48BA-8DC8-8C0BBD7577BD}.Debug|Any CPU.ActiveCfg = Debug|Any CPU
		{CC24ED9F-4E1D-48BA-8DC8-8C0BBD7577BD}.Debug|Any CPU.Build.0 = Debug|Any CPU
		{CC24ED9F-4E1D-48BA-8DC8-8C0BBD7577BD}.Release|Any CPU.ActiveCfg = Release|Any CPU
		{CC24ED9F-4E1D-48BA-8DC8-8C0BBD7577BD}.Release|Any CPU.Build.0 = Release|Any CPU
	EndGlobalSection
	GlobalSection(SolutionProperties) = preSolution
		HideSolutionNode = FALSE
	EndGlobalSection
	GlobalSection(ExtensibilityGlobals) = postSolution
		SolutionGuid = {4C634C48-9837-4513-91BB-6CBB55F0361B}
	EndGlobalSection
EndGlobal
